
Microsoft Visual Studio Solution File, Format Version 12.00
# Visual Studio 2012
Project("{FAE04EC0-301F-11D3-BF4B-00C04F79EFBC}") = "ServicioWeb", "ServicioWeb\ServicioWeb.csproj", "{05CFC055-EB88-4983-90D6-981346AB9BD0}"
EndProject
Global
	GlobalSection(SolutionConfigurationPlatforms) = preSolution
		Debug|Any CPU = Debug|Any CPU
		Release|Any CPU = Release|Any CPU
	EndGlobalSection
	GlobalSection(ProjectConfigurationPlatforms) = postSolution
		{05CFC055-EB88-4983-90D6-981346AB9BD0}.Debug|Any CPU.ActiveCfg = Debug|Any CPU
		{05CFC055-EB88-4983-90D6-981346AB9BD0}.Debug|Any CPU.Build.0 = Debug|Any CPU
		{05CFC055-EB88-4983-90D6-981346AB9BD0}.Release|Any CPU.ActiveCfg = Release|Any CPU
		{05CFC055-EB88-4983-90D6-981346AB9BD0}.Release|Any CPU.Build.0 = Release|Any CPU
	EndGlobalSection
	GlobalSection(SolutionProperties) = preSolution
		HideSolutionNode = FALSE
	EndGlobalSection
EndGlobal
