
Microsoft Visual Studio Solution File, Format Version 12.00
# Visual Studio 2012
Project("{FAE04EC0-301F-11D3-BF4B-00C04F79EFBC}") = "Cliente", "Cliente\Cliente.csproj", "{77633E8A-1F02-4710-B1EC-899F8FC3AACF}"
EndProject
Global
	GlobalSection(SolutionConfigurationPlatforms) = preSolution
		Debug|Any CPU = Debug|Any CPU
		Release|Any CPU = Release|Any CPU
	EndGlobalSection
	GlobalSection(ProjectConfigurationPlatforms) = postSolution
		{77633E8A-1F02-4710-B1EC-899F8FC3AACF}.Debug|Any CPU.ActiveCfg = Debug|Any CPU
		{77633E8A-1F02-4710-B1EC-899F8FC3AACF}.Debug|Any CPU.Build.0 = Debug|Any CPU
		{77633E8A-1F02-4710-B1EC-899F8FC3AACF}.Release|Any CPU.ActiveCfg = Release|Any CPU
		{77633E8A-1F02-4710-B1EC-899F8FC3AACF}.Release|Any CPU.Build.0 = Release|Any CPU
	EndGlobalSection
	GlobalSection(SolutionProperties) = preSolution
		HideSolutionNode = FALSE
	EndGlobalSection
EndGlobal
